
Microsoft Visual Studio Solution File, Format Version 12.00
# Visual Studio Version 17
VisualStudioVersion = 17.4.33213.308
MinimumVisualStudioVersion = 10.0.40219.1
Project("{9A19103F-16F7-4668-BE54-9A1E7A4F7556}") = "MovieApi", "MovieApi.csproj", "{460A3171-09B7-4975-A7BC-37ADC7B493F9}"
EndProject
Project("{9A19103F-16F7-4668-BE54-9A1E7A4F7556}") = "MovieSiteData", "..\MovieSite\MovieSiteData.csproj", "{ABB52261-E383-489D-A14D-14C370771DF5}"
EndProject
Project("{2150E333-8FDC-42A3-9474-1A3956D46DE8}") = "Solution Items", "Solution Items", "{21667B54-6455-4563-B85C-5603C7D86646}"
	ProjectSection(SolutionItems) = preProject
		DataBaseQuery.sql = DataBaseQuery.sql
	EndProjectSection
EndProject
Global
	GlobalSection(SolutionConfigurationPlatforms) = preSolution
		Debug|Any CPU = Debug|Any CPU
		Release|Any CPU = Release|Any CPU
	EndGlobalSection
	GlobalSection(ProjectConfigurationPlatforms) = postSolution
		{460A3171-09B7-4975-A7BC-37ADC7B493F9}.Debug|Any CPU.ActiveCfg = Debug|Any CPU
		{460A3171-09B7-4975-A7BC-37ADC7B493F9}.Debug|Any CPU.Build.0 = Debug|Any CPU
		{460A3171-09B7-4975-A7BC-37ADC7B493F9}.Release|Any CPU.ActiveCfg = Release|Any CPU
		{460A3171-09B7-4975-A7BC-37ADC7B493F9}.Release|Any CPU.Build.0 = Release|Any CPU
		{ABB52261-E383-489D-A14D-14C370771DF5}.Debug|Any CPU.ActiveCfg = Debug|Any CPU
		{ABB52261-E383-489D-A14D-14C370771DF5}.Debug|Any CPU.Build.0 = Debug|Any CPU
		{ABB52261-E383-489D-A14D-14C370771DF5}.Release|Any CPU.ActiveCfg = Release|Any CPU
		{ABB52261-E383-489D-A14D-14C370771DF5}.Release|Any CPU.Build.0 = Release|Any CPU
	EndGlobalSection
	GlobalSection(SolutionProperties) = preSolution
		HideSolutionNode = FALSE
	EndGlobalSection
	GlobalSection(ExtensibilityGlobals) = postSolution
		SolutionGuid = {4E323316-F8BF-40CF-98A0-8FEB24D7BD9A}
	EndGlobalSection
EndGlobal
